
Microsoft Visual Studio Solution File, Format Version 12.00
# Visual Studio Version 16
VisualStudioVersion = 16.0.30011.22
MinimumVisualStudioVersion = 10.0.40219.1
Project("{FAE04EC0-301F-11D3-BF4B-00C04F79EFBC}") = "2_1310", "2_1310.csproj", "{9351A4AC-2E06-4E22-8CE3-EB1058552C8B}"
EndProject
Global
	GlobalSection(SolutionConfigurationPlatforms) = preSolution
		Debug|Any CPU = Debug|Any CPU
		Release|Any CPU = Release|Any CPU
	EndGlobalSection
	GlobalSection(ProjectConfigurationPlatforms) = postSolution
		{9351A4AC-2E06-4E22-8CE3-EB1058552C8B}.Debug|Any CPU.ActiveCfg = Debug|Any CPU
		{9351A4AC-2E06-4E22-8CE3-EB1058552C8B}.Debug|Any CPU.Build.0 = Debug|Any CPU
		{9351A4AC-2E06-4E22-8CE3-EB1058552C8B}.Release|Any CPU.ActiveCfg = Release|Any CPU
		{9351A4AC-2E06-4E22-8CE3-EB1058552C8B}.Release|Any CPU.Build.0 = Release|Any CPU
	EndGlobalSection
	GlobalSection(SolutionProperties) = preSolution
		HideSolutionNode = FALSE
	EndGlobalSection
	GlobalSection(ExtensibilityGlobals) = postSolution
		SolutionGuid = {66891462-C904-4779-9552-B1F3CBCF9721}
	EndGlobalSection
EndGlobal
