
Microsoft Visual Studio Solution File, Format Version 12.00
# Visual Studio Version 16
VisualStudioVersion = 16.0.30011.22
MinimumVisualStudioVersion = 10.0.40219.1
Project("{FAE04EC0-301F-11D3-BF4B-00C04F79EFBC}") = "13_0501", "13_0501.csproj", "{2684AF12-DC87-46E4-8082-06641FF87517}"
EndProject
Global
	GlobalSection(SolutionConfigurationPlatforms) = preSolution
		Debug|Any CPU = Debug|Any CPU
		Release|Any CPU = Release|Any CPU
	EndGlobalSection
	GlobalSection(ProjectConfigurationPlatforms) = postSolution
		{2684AF12-DC87-46E4-8082-06641FF87517}.Debug|Any CPU.ActiveCfg = Debug|Any CPU
		{2684AF12-DC87-46E4-8082-06641FF87517}.Debug|Any CPU.Build.0 = Debug|Any CPU
		{2684AF12-DC87-46E4-8082-06641FF87517}.Release|Any CPU.ActiveCfg = Release|Any CPU
		{2684AF12-DC87-46E4-8082-06641FF87517}.Release|Any CPU.Build.0 = Release|Any CPU
	EndGlobalSection
	GlobalSection(SolutionProperties) = preSolution
		HideSolutionNode = FALSE
	EndGlobalSection
	GlobalSection(ExtensibilityGlobals) = postSolution
		SolutionGuid = {5E917FE9-A520-4CFE-985A-966B8B95D763}
	EndGlobalSection
EndGlobal
